# generated by rye
# use `rye lock` or `rye sync` to update this lockfile
#
# last locked with the following flags:
#   pre: false
#   features: []
#   all-features: false
#   with-sources: false
#   generate-hashes: false
#   universal: false

annotated-types==0.7.0
    # via pydantic
apscheduler==3.11.0
    # via flask-apscheduler
beautifulsoup4==4.13.3
blinker==1.9.0
    # via flask
cachetools==5.5.2
camel-converter==4.0.1
    # via meilisearch
certifi==2025.1.31
    # via requests
cfgv==3.4.0
    # via pre-commit
charset-normalizer==3.4.1
    # via niquests
    # via requests
click==8.1.8
    # via flask
cssselect==1.3.0
    # via parsel
distlib==0.3.9
    # via virtualenv
filelock==3.18.0
    # via virtualenv
flask==3.1.0
    # via flask-apscheduler
    # via flask-wtf
flask-apscheduler==1.13.1
flask-wtf==1.2.2
gunicorn==23.0.0
h11==0.14.0
    # via urllib3-future
identify==2.6.9
    # via pre-commit
idna==3.10
    # via requests
iniconfig==2.1.0
    # via pytest
itsdangerous==2.2.0
    # via flask
    # via flask-wtf
jh2==5.0.8
    # via urllib3-future
jinja2==3.1.6
    # via flask
jmespath==1.0.1
    # via parsel
jsonpath-ng==1.7.0
lxml==5.3.1
    # via parsel
markupsafe==3.0.2
    # via jinja2
    # via werkzeug
    # via wtforms
meilisearch==0.33.1
niquests==3.13.1
    # via pytailwindcss-extra
nodeenv==1.9.1
    # via pre-commit
packaging==24.2
    # via gunicorn
    # via parsel
    # via pytest
parsel==1.10.0
peewee==3.17.9
platformdirs==4.3.7
    # via virtualenv
pluggy==1.5.0
    # via pytest
ply==3.11
    # via jsonpath-ng
pre-commit==4.2.0
pydantic==2.10.6
    # via camel-converter
pydantic-core==2.27.2
    # via pydantic
pyjwt==2.10.1
pytailwindcss-extra==0.1.1
pytest==8.3.5
python-dateutil==2.9.0.post0
    # via flask-apscheduler
python-dotenv==1.0.1
pytz==2025.1
pyyaml==6.0.2
    # via pre-commit
qh3==1.4.2
    # via urllib3-future
requests==2.32.3
    # via meilisearch
ruff==0.11.2
six==1.17.0
    # via python-dateutil
soupsieve==2.6
    # via beautifulsoup4
sqids==0.4.1
typing-extensions==4.12.2
    # via beautifulsoup4
    # via pydantic
    # via pydantic-core
tzlocal==5.3.1
    # via apscheduler
urllib3==2.3.0
    # via requests
urllib3-future==2.12.913
    # via niquests
virtualenv==20.29.3
    # via pre-commit
w3lib==2.3.1
    # via parsel
wassima==1.2.2
    # via niquests
werkzeug==3.1.3
    # via flask
wtforms==3.2.1
    # via flask-wtf
yet-another-i18n==0.2.0
