# generated by rye
# use `rye lock` or `rye sync` to update this lockfile
#
# last locked with the following flags:
#   pre: false
#   features: []
#   all-features: false
#   with-sources: false

annotated-types==0.7.0
    # via pydantic
apscheduler==3.10.4
    # via flask-apscheduler
beartype==0.18.5
beautifulsoup4==4.12.3
blinker==1.8.2
    # via flask
cachetools==5.3.3
camel-converter==3.1.2
    # via meilisearch
certifi==2024.6.2
    # via requests
charset-normalizer==3.3.2
    # via niquests
    # via requests
click==8.1.7
    # via flask
flask==3.0.3
    # via flask-apscheduler
    # via flask-wtf
flask-apscheduler==1.13.1
flask-wtf==1.2.1
get-project-root==0.2
gunicorn==22.0.0
h11==0.14.0
    # via urllib3-future
idna==3.7
    # via niquests
    # via requests
iniconfig==2.0.0
    # via pytest
itsdangerous==2.2.0
    # via flask
    # via flask-wtf
jh2==5.0.3
    # via urllib3-future
jinja2==3.1.4
    # via flask
kiss-headers==2.4.3
    # via niquests
markupsafe==2.1.5
    # via jinja2
    # via werkzeug
    # via wtforms
meilisearch==0.31.3
niquests==3.6.6
    # via pytailwindcss-extra
packaging==24.1
    # via gunicorn
    # via pytest
peewee==3.17.5
pluggy==1.5.0
    # via pytest
pydantic==2.7.4
    # via camel-converter
pydantic-core==2.18.4
    # via pydantic
pyi18n-v2==1.2.1
pyjwt==2.8.0
pytailwindcss-extra==0.1.0
pytest==8.2.2
python-dateutil==2.9.0.post0
    # via flask-apscheduler
python-dotenv==1.0.1
pytz==2024.1
    # via apscheduler
pyyaml==6.0.1
    # via pyi18n-v2
qh3==1.0.8
    # via urllib3-future
requests==2.32.3
    # via meilisearch
six==1.16.0
    # via apscheduler
    # via python-dateutil
soupsieve==2.5
    # via beautifulsoup4
sqids==0.4.1
typing-extensions==4.12.2
    # via pydantic
    # via pydantic-core
tzlocal==5.2
    # via apscheduler
urllib3==2.2.2
    # via requests
urllib3-future==2.7.914
    # via niquests
wassima==1.1.1
    # via niquests
werkzeug==3.0.3
    # via flask
wtforms==3.1.2
    # via flask-wtf
