# generated by rye
# use `rye lock` or `rye sync` to update this lockfile
#
# last locked with the following flags:
#   pre: false
#   features: []
#   all-features: false
#   with-sources: false

annotated-types==0.6.0
    # via pydantic
apscheduler==3.10.4
    # via flask-apscheduler
beartype==0.18.2
beautifulsoup4==4.12.3
blinker==1.7.0
    # via flask
cachetools==5.3.3
camel-converter==3.1.1
    # via meilisearch
certifi==2024.2.2
    # via requests
cffi==1.16.0
    # via cryptography
charset-normalizer==3.3.2
    # via niquests
    # via requests
click==8.1.7
    # via flask
cryptography==42.0.5
    # via qh3
flask==3.0.3
    # via flask-apscheduler
    # via flask-wtf
flask-apscheduler==1.13.1
flask-wtf==1.2.1
get-project-root==0.2
gunicorn==22.0.0
h11==0.14.0
    # via urllib3-future
h2==4.1.0
    # via urllib3-future
hpack==4.0.0
    # via h2
hyperframe==6.0.1
    # via h2
idna==3.7
    # via niquests
    # via requests
iniconfig==2.0.0
    # via pytest
itsdangerous==2.1.2
    # via flask
    # via flask-wtf
jinja2==3.1.4
    # via flask
kiss-headers==2.4.3
    # via niquests
markupsafe==2.1.5
    # via jinja2
    # via werkzeug
    # via wtforms
meilisearch==0.31.0
niquests==3.5.5
    # via pytailwindcss-extra
packaging==24.0
    # via gunicorn
    # via pytest
peewee==3.17.1
pluggy==1.4.0
    # via pytest
pycparser==2.22
    # via cffi
pydantic==2.7.0
    # via camel-converter
pydantic-core==2.18.1
    # via pydantic
pyjwt==2.8.0
pytailwindcss-extra==0.1.0
pytest==8.1.1
python-dateutil==2.9.0.post0
    # via flask-apscheduler
python-dotenv==1.0.1
pytz==2024.1
    # via apscheduler
qh3==0.15.1
    # via urllib3-future
requests==2.31.0
    # via meilisearch
six==1.16.0
    # via apscheduler
    # via python-dateutil
soupsieve==2.5
    # via beautifulsoup4
sqids==0.4.1
typing-extensions==4.11.0
    # via pydantic
    # via pydantic-core
tzlocal==5.2
    # via apscheduler
urllib3==2.2.2
    # via requests
urllib3-future==2.7.903
    # via niquests
wassima==1.1.0
    # via niquests
werkzeug==3.0.3
    # via flask
wtforms==3.1.2
    # via flask-wtf
